
Microsoft Visual Studio Solution File, Format Version 12.00
# Visual Studio Version 17
VisualStudioVersion = 17.9.34714.143
MinimumVisualStudioVersion = 10.0.40219.1
Project("{FAE04EC0-301F-11D3-BF4B-00C04F79EFBC}") = "LiftLogCLI", "LiftLogCLI\LiftLogCLI.csproj", "{6BDD7709-84ED-48BF-BCB3-989101E277B6}"
EndProject
Project("{FAE04EC0-301F-11D3-BF4B-00C04F79EFBC}") = "LiftLog.Backup", "LiftLog.Backup\LiftLog.Backup.csproj", "{472C76DE-553F-40FC-8943-7EFA01FCF8BB}"
EndProject
Project("{FAE04EC0-301F-11D3-BF4B-00C04F79EFBC}") = "LiftLog.Backup.Tests", "LiftLog.Backup.Tests\LiftLog.Backup.Tests.csproj", "{729D38AC-3196-473E-B0B7-29ED6B0659C7}"
EndProject
Global
	GlobalSection(SolutionConfigurationPlatforms) = preSolution
		Debug|Any CPU = Debug|Any CPU
		Release|Any CPU = Release|Any CPU
	EndGlobalSection
	GlobalSection(ProjectConfigurationPlatforms) = postSolution
		{6BDD7709-84ED-48BF-BCB3-989101E277B6}.Debug|Any CPU.ActiveCfg = Debug|Any CPU
		{6BDD7709-84ED-48BF-BCB3-989101E277B6}.Debug|Any CPU.Build.0 = Debug|Any CPU
		{6BDD7709-84ED-48BF-BCB3-989101E277B6}.Release|Any CPU.ActiveCfg = Release|Any CPU
		{6BDD7709-84ED-48BF-BCB3-989101E277B6}.Release|Any CPU.Build.0 = Release|Any CPU
		{472C76DE-553F-40FC-8943-7EFA01FCF8BB}.Debug|Any CPU.ActiveCfg = Debug|Any CPU
		{472C76DE-553F-40FC-8943-7EFA01FCF8BB}.Debug|Any CPU.Build.0 = Debug|Any CPU
		{472C76DE-553F-40FC-8943-7EFA01FCF8BB}.Release|Any CPU.ActiveCfg = Release|Any CPU
		{472C76DE-553F-40FC-8943-7EFA01FCF8BB}.Release|Any CPU.Build.0 = Release|Any CPU
		{729D38AC-3196-473E-B0B7-29ED6B0659C7}.Debug|Any CPU.ActiveCfg = Debug|Any CPU
		{729D38AC-3196-473E-B0B7-29ED6B0659C7}.Debug|Any CPU.Build.0 = Debug|Any CPU
		{729D38AC-3196-473E-B0B7-29ED6B0659C7}.Release|Any CPU.ActiveCfg = Release|Any CPU
		{729D38AC-3196-473E-B0B7-29ED6B0659C7}.Release|Any CPU.Build.0 = Release|Any CPU
	EndGlobalSection
	GlobalSection(SolutionProperties) = preSolution
		HideSolutionNode = FALSE
	EndGlobalSection
	GlobalSection(ExtensibilityGlobals) = postSolution
		SolutionGuid = {630944D3-9548-4411-82E7-D55272B8713B}
	EndGlobalSection
EndGlobal
